
Microsoft Visual Studio Solution File, Format Version 12.00
# Visual Studio Version 17
VisualStudioVersion = 17.2.32616.157
MinimumVisualStudioVersion = 10.0.40219.1
Project("{FAE04EC0-301F-11D3-BF4B-00C04F79EFBC}") = "jim1", "jim1\jim1.csproj", "{D55D54C8-781C-428E-BD95-F8D12632F05F}"
EndProject
Global
	GlobalSection(SolutionConfigurationPlatforms) = preSolution
		Debug|Any CPU = Debug|Any CPU
		Release|Any CPU = Release|Any CPU
	EndGlobalSection
	GlobalSection(ProjectConfigurationPlatforms) = postSolution
		{D55D54C8-781C-428E-BD95-F8D12632F05F}.Debug|Any CPU.ActiveCfg = Debug|Any CPU
		{D55D54C8-781C-428E-BD95-F8D12632F05F}.Debug|Any CPU.Build.0 = Debug|Any CPU
		{D55D54C8-781C-428E-BD95-F8D12632F05F}.Release|Any CPU.ActiveCfg = Release|Any CPU
		{D55D54C8-781C-428E-BD95-F8D12632F05F}.Release|Any CPU.Build.0 = Release|Any CPU
	EndGlobalSection
	GlobalSection(SolutionProperties) = preSolution
		HideSolutionNode = FALSE
	EndGlobalSection
	GlobalSection(ExtensibilityGlobals) = postSolution
		SolutionGuid = {09015A07-87FB-4220-86D9-8093B9FE22DF}
	EndGlobalSection
EndGlobal
